
Microsoft Visual Studio Solution File, Format Version 12.00
# Visual Studio Version 17
VisualStudioVersion = 17.2.32505.173
MinimumVisualStudioVersion = 10.0.40219.1
Project("{9A19103F-16F7-4668-BE54-9A1E7A4F7556}") = "Atmo", "Atmo.csproj", "{99C778C8-C487-4CB9-9069-73E027C8DD62}"
EndProject
Global
	GlobalSection(SolutionConfigurationPlatforms) = preSolution
		Debug|Any CPU = Debug|Any CPU
		Release|Any CPU = Release|Any CPU
	EndGlobalSection
	GlobalSection(ProjectConfigurationPlatforms) = postSolution
		{99C778C8-C487-4CB9-9069-73E027C8DD62}.Debug|Any CPU.ActiveCfg = Debug|Any CPU
		{99C778C8-C487-4CB9-9069-73E027C8DD62}.Debug|Any CPU.Build.0 = Debug|Any CPU
		{99C778C8-C487-4CB9-9069-73E027C8DD62}.Release|Any CPU.ActiveCfg = Release|Any CPU
		{99C778C8-C487-4CB9-9069-73E027C8DD62}.Release|Any CPU.Build.0 = Release|Any CPU
	EndGlobalSection
	GlobalSection(SolutionProperties) = preSolution
		HideSolutionNode = FALSE
	EndGlobalSection
	GlobalSection(ExtensibilityGlobals) = postSolution
		SolutionGuid = {BDF5C2A7-6A59-464F-AA67-96D9491846A7}
	EndGlobalSection
EndGlobal
